
Microsoft Visual Studio Solution File, Format Version 12.00
# Visual Studio Version 16
VisualStudioVersion = 16.0.30011.22
MinimumVisualStudioVersion = 10.0.40219.1
Project("{FAE04EC0-301F-11D3-BF4B-00C04F79EFBC}") = "ServerlessFuncs", "ServerlessFuncs.csproj", "{2FCB4C51-675D-487E-8916-478C83D3E088}"
EndProject
Global
	GlobalSection(SolutionConfigurationPlatforms) = preSolution
		Debug|Any CPU = Debug|Any CPU
		Release|Any CPU = Release|Any CPU
	EndGlobalSection
	GlobalSection(ProjectConfigurationPlatforms) = postSolution
		{2FCB4C51-675D-487E-8916-478C83D3E088}.Debug|Any CPU.ActiveCfg = Debug|Any CPU
		{2FCB4C51-675D-487E-8916-478C83D3E088}.Debug|Any CPU.Build.0 = Debug|Any CPU
		{2FCB4C51-675D-487E-8916-478C83D3E088}.Release|Any CPU.ActiveCfg = Release|Any CPU
		{2FCB4C51-675D-487E-8916-478C83D3E088}.Release|Any CPU.Build.0 = Release|Any CPU
	EndGlobalSection
	GlobalSection(SolutionProperties) = preSolution
		HideSolutionNode = FALSE
	EndGlobalSection
	GlobalSection(ExtensibilityGlobals) = postSolution
		SolutionGuid = {2F506189-0960-4324-9D51-19A556098172}
	EndGlobalSection
EndGlobal
